
Microsoft Visual Studio Solution File, Format Version 12.00
# Visual Studio Version 17
VisualStudioVersion = 17.0.31912.275
MinimumVisualStudioVersion = 10.0.40219.1
Project("{FAE04EC0-301F-11D3-BF4B-00C04F79EFBC}") = "dotNet_Exercise6", "dotNet_Exercise6.csproj", "{D3AA1521-D6C6-43F2-82BB-29764E3D0A79}"
EndProject
Global
	GlobalSection(SolutionConfigurationPlatforms) = preSolution
		Debug|Any CPU = Debug|Any CPU
		Release|Any CPU = Release|Any CPU
	EndGlobalSection
	GlobalSection(ProjectConfigurationPlatforms) = postSolution
		{D3AA1521-D6C6-43F2-82BB-29764E3D0A79}.Debug|Any CPU.ActiveCfg = Debug|Any CPU
		{D3AA1521-D6C6-43F2-82BB-29764E3D0A79}.Debug|Any CPU.Build.0 = Debug|Any CPU
		{D3AA1521-D6C6-43F2-82BB-29764E3D0A79}.Release|Any CPU.ActiveCfg = Release|Any CPU
		{D3AA1521-D6C6-43F2-82BB-29764E3D0A79}.Release|Any CPU.Build.0 = Release|Any CPU
	EndGlobalSection
	GlobalSection(SolutionProperties) = preSolution
		HideSolutionNode = FALSE
	EndGlobalSection
	GlobalSection(ExtensibilityGlobals) = postSolution
		SolutionGuid = {AC1ECE6A-3169-4C35-8065-D7D0BE4F2C8F}
	EndGlobalSection
EndGlobal
